
Microsoft Visual Studio Solution File, Format Version 12.00
# Visual Studio Version 16
VisualStudioVersion = 16.0.32106.194
MinimumVisualStudioVersion = 10.0.40219.1
Project("{FAE04EC0-301F-11D3-BF4B-00C04F79EFBC}") = "WebApplicationExam", "WebApplicationExam.csproj", "{4ED6E311-CAB3-45A7-8A05-F48264595F5C}"
EndProject
Global
	GlobalSection(SolutionConfigurationPlatforms) = preSolution
		Debug|Any CPU = Debug|Any CPU
		Release|Any CPU = Release|Any CPU
	EndGlobalSection
	GlobalSection(ProjectConfigurationPlatforms) = postSolution
		{4ED6E311-CAB3-45A7-8A05-F48264595F5C}.Debug|Any CPU.ActiveCfg = Debug|Any CPU
		{4ED6E311-CAB3-45A7-8A05-F48264595F5C}.Debug|Any CPU.Build.0 = Debug|Any CPU
		{4ED6E311-CAB3-45A7-8A05-F48264595F5C}.Release|Any CPU.ActiveCfg = Release|Any CPU
		{4ED6E311-CAB3-45A7-8A05-F48264595F5C}.Release|Any CPU.Build.0 = Release|Any CPU
	EndGlobalSection
	GlobalSection(SolutionProperties) = preSolution
		HideSolutionNode = FALSE
	EndGlobalSection
	GlobalSection(ExtensibilityGlobals) = postSolution
		SolutionGuid = {BD9BE5B4-E287-4DB8-BC8F-A6AC4FAAAB86}
	EndGlobalSection
EndGlobal
